
Microsoft Visual Studio Solution File, Format Version 12.00
# Visual Studio Version 17
VisualStudioVersion = 17.3.32929.385
MinimumVisualStudioVersion = 10.0.40219.1
Project("{FAE04EC0-301F-11D3-BF4B-00C04F79EFBC}") = "ExercicioBolsa", "ExercicioBolsa\ExercicioBolsa.csproj", "{5ABB56A9-971E-4951-82A4-339EEDD6A97C}"
EndProject
Global
	GlobalSection(SolutionConfigurationPlatforms) = preSolution
		Debug|Any CPU = Debug|Any CPU
		Release|Any CPU = Release|Any CPU
	EndGlobalSection
	GlobalSection(ProjectConfigurationPlatforms) = postSolution
		{5ABB56A9-971E-4951-82A4-339EEDD6A97C}.Debug|Any CPU.ActiveCfg = Debug|Any CPU
		{5ABB56A9-971E-4951-82A4-339EEDD6A97C}.Debug|Any CPU.Build.0 = Debug|Any CPU
		{5ABB56A9-971E-4951-82A4-339EEDD6A97C}.Release|Any CPU.ActiveCfg = Release|Any CPU
		{5ABB56A9-971E-4951-82A4-339EEDD6A97C}.Release|Any CPU.Build.0 = Release|Any CPU
	EndGlobalSection
	GlobalSection(SolutionProperties) = preSolution
		HideSolutionNode = FALSE
	EndGlobalSection
	GlobalSection(ExtensibilityGlobals) = postSolution
		SolutionGuid = {DBB0777F-B806-4768-9F89-ACEEB755C3A0}
	EndGlobalSection
EndGlobal
